// !$*UTF8*$!
{
	archiveVersion = 1;
	classes = {
	};
	objectVersion = 46;
	objects = {

/* Begin PBXBuildFile section */
		68674B4F1E2E775E009F597B /* testError.swift in Sources */ = {isa = PBXBuildFile; fileRef = 68674B4E1E2E775E009F597B /* testError.swift */; };
		68674B541E2E7777009F597B /* Error.swift in Sources */ = {isa = PBXBuildFile; fileRef = DE8CFC3B1E2E69D9006E9E1A /* Error.swift */; };
		C6455A7E1E2F718900CEC2FB /* testManager.swift in Sources */ = {isa = PBXBuildFile; fileRef = C6455A7D1E2F718900CEC2FB /* testManager.swift */; };
		C6455A7F1E2F71C700CEC2FB /* main.swift in Sources */ = {isa = PBXBuildFile; fileRef = DE8CFC321E2E66D5006E9E1A /* main.swift */; };
		C6455A801E2F71E700CEC2FB /* Manager.swift in Sources */ = {isa = PBXBuildFile; fileRef = DE8CFC391E2E67AC006E9E1A /* Manager.swift */; };
		C6455A821E2F751A00CEC2FB /* Parser.swift in Sources */ = {isa = PBXBuildFile; fileRef = C6455A811E2F751A00CEC2FB /* Parser.swift */; };
		C6455A851E2F921300CEC2FB /* Parser.swift in Sources */ = {isa = PBXBuildFile; fileRef = C6455A811E2F751A00CEC2FB /* Parser.swift */; };
		DE8CFC331E2E66D5006E9E1A /* main.swift in Sources */ = {isa = PBXBuildFile; fileRef = DE8CFC321E2E66D5006E9E1A /* main.swift */; };
		DE8CFC3A1E2E67AC006E9E1A /* Manager.swift in Sources */ = {isa = PBXBuildFile; fileRef = DE8CFC391E2E67AC006E9E1A /* Manager.swift */; };
		DE8CFC3C1E2E69D9006E9E1A /* Error.swift in Sources */ = {isa = PBXBuildFile; fileRef = DE8CFC3B1E2E69D9006E9E1A /* Error.swift */; };
/* End PBXBuildFile section */

/* Begin PBXCopyFilesBuildPhase section */
		DE8CFC2D1E2E66D5006E9E1A /* CopyFiles */ = {
			isa = PBXCopyFilesBuildPhase;
			buildActionMask = 2147483647;
			dstPath = /usr/share/man/man1/;
			dstSubfolderSpec = 0;
			files = (
			);
			runOnlyForDeploymentPostprocessing = 1;
		};
/* End PBXCopyFilesBuildPhase section */

/* Begin PBXFileReference section */
		68674B4C1E2E775D009F597B /* testError.xctest */ = {isa = PBXFileReference; explicitFileType = wrapper.cfbundle; includeInIndex = 0; path = testError.xctest; sourceTree = BUILT_PRODUCTS_DIR; };
		68674B4E1E2E775E009F597B /* testError.swift */ = {isa = PBXFileReference; lastKnownFileType = sourcecode.swift; path = testError.swift; sourceTree = "<group>"; };
		68674B501E2E775E009F597B /* Info.plist */ = {isa = PBXFileReference; lastKnownFileType = text.plist.xml; path = Info.plist; sourceTree = "<group>"; };
		C628B8701E37D4630016D3F1 /* NoSize.txt */ = {isa = PBXFileReference; fileEncoding = 4; lastKnownFileType = text; path = NoSize.txt; sourceTree = "<group>"; };
		C628B8711E37D4CD0016D3F1 /* multiSize */ = {isa = PBXFileReference; fileEncoding = 4; lastKnownFileType = text; path = multiSize; sourceTree = "<group>"; };
		C6455A7D1E2F718900CEC2FB /* testManager.swift */ = {isa = PBXFileReference; fileEncoding = 4; lastKnownFileType = sourcecode.swift; path = testManager.swift; sourceTree = "<group>"; };
		C6455A811E2F751A00CEC2FB /* Parser.swift */ = {isa = PBXFileReference; fileEncoding = 4; lastKnownFileType = sourcecode.swift; path = Parser.swift; sourceTree = "<group>"; };
		C6455A861E2F92F500CEC2FB /* Titi.txt */ = {isa = PBXFileReference; fileEncoding = 4; lastKnownFileType = text; path = Titi.txt; sourceTree = "<group>"; };
		DE8CFC2F1E2E66D5006E9E1A /* npuzzle */ = {isa = PBXFileReference; explicitFileType = "compiled.mach-o.executable"; includeInIndex = 0; path = npuzzle; sourceTree = BUILT_PRODUCTS_DIR; };
		DE8CFC321E2E66D5006E9E1A /* main.swift */ = {isa = PBXFileReference; lastKnownFileType = sourcecode.swift; lineEnding = 0; path = main.swift; sourceTree = "<group>"; };
		DE8CFC391E2E67AC006E9E1A /* Manager.swift */ = {isa = PBXFileReference; fileEncoding = 4; lastKnownFileType = sourcecode.swift; path = Manager.swift; sourceTree = "<group>"; };
		DE8CFC3B1E2E69D9006E9E1A /* Error.swift */ = {isa = PBXFileReference; fileEncoding = 4; lastKnownFileType = sourcecode.swift; path = Error.swift; sourceTree = "<group>"; };
/* End PBXFileReference section */

/* Begin PBXFrameworksBuildPhase section */
		68674B491E2E775D009F597B /* Frameworks */ = {
			isa = PBXFrameworksBuildPhase;
			buildActionMask = 2147483647;
			files = (
			);
			runOnlyForDeploymentPostprocessing = 0;
		};
		DE8CFC2C1E2E66D5006E9E1A /* Frameworks */ = {
			isa = PBXFrameworksBuildPhase;
			buildActionMask = 2147483647;
			files = (
			);
			runOnlyForDeploymentPostprocessing = 0;
		};
/* End PBXFrameworksBuildPhase section */

/* Begin PBXGroup section */
		68674B4D1E2E775E009F597B /* testError */ = {
			isa = PBXGroup;
			children = (
				C6455A7D1E2F718900CEC2FB /* testManager.swift */,
				68674B4E1E2E775E009F597B /* testError.swift */,
				68674B501E2E775E009F597B /* Info.plist */,
			);
			path = testError;
			sourceTree = "<group>";
		};
		C6455A841E2F8DD000CEC2FB /* FileData */ = {
			isa = PBXGroup;
			children = (
				C6455A861E2F92F500CEC2FB /* Titi.txt */,
				C628B8701E37D4630016D3F1 /* NoSize.txt */,
				C628B8711E37D4CD0016D3F1 /* multiSize */,
			);
			name = FileData;
			path = npuzzle;
			sourceTree = "<group>";
		};
		DE8CFC261E2E66D5006E9E1A = {
			isa = PBXGroup;
			children = (
				C6455A841E2F8DD000CEC2FB /* FileData */,
				DE8CFC311E2E66D5006E9E1A /* npuzzle */,
				68674B4D1E2E775E009F597B /* testError */,
				DE8CFC301E2E66D5006E9E1A /* Products */,
			);
			sourceTree = "<group>";
		};
		DE8CFC301E2E66D5006E9E1A /* Products */ = {
			isa = PBXGroup;
			children = (
				DE8CFC2F1E2E66D5006E9E1A /* npuzzle */,
				68674B4C1E2E775D009F597B /* testError.xctest */,
			);
			name = Products;
			sourceTree = "<group>";
		};
		DE8CFC311E2E66D5006E9E1A /* npuzzle */ = {
			isa = PBXGroup;
			children = (
				DE8CFC3B1E2E69D9006E9E1A /* Error.swift */,
				DE8CFC321E2E66D5006E9E1A /* main.swift */,
				DE8CFC391E2E67AC006E9E1A /* Manager.swift */,
				C6455A811E2F751A00CEC2FB /* Parser.swift */,
			);
			path = npuzzle;
			sourceTree = "<group>";
		};
/* End PBXGroup section */

/* Begin PBXNativeTarget section */
		68674B4B1E2E775D009F597B /* testError */ = {
			isa = PBXNativeTarget;
			buildConfigurationList = 68674B511E2E775E009F597B /* Build configuration list for PBXNativeTarget "testError" */;
			buildPhases = (
				68674B481E2E775D009F597B /* Sources */,
				68674B491E2E775D009F597B /* Frameworks */,
				68674B4A1E2E775D009F597B /* Resources */,
			);
			buildRules = (
			);
			dependencies = (
			);
			name = testError;
			productName = testError;
			productReference = 68674B4C1E2E775D009F597B /* testError.xctest */;
			productType = "com.apple.product-type.bundle.unit-test";
		};
		DE8CFC2E1E2E66D5006E9E1A /* npuzzle */ = {
			isa = PBXNativeTarget;
			buildConfigurationList = DE8CFC361E2E66D5006E9E1A /* Build configuration list for PBXNativeTarget "npuzzle" */;
			buildPhases = (
				DE8CFC2B1E2E66D5006E9E1A /* Sources */,
				DE8CFC2C1E2E66D5006E9E1A /* Frameworks */,
				DE8CFC2D1E2E66D5006E9E1A /* CopyFiles */,
			);
			buildRules = (
			);
			dependencies = (
			);
			name = npuzzle;
			productName = npuzzle;
			productReference = DE8CFC2F1E2E66D5006E9E1A /* npuzzle */;
			productType = "com.apple.product-type.tool";
		};
/* End PBXNativeTarget section */

/* Begin PBXProject section */
		DE8CFC271E2E66D5006E9E1A /* Project object */ = {
			isa = PBXProject;
			attributes = {
				LastSwiftUpdateCheck = 0820;
				LastUpgradeCheck = 0820;
				ORGANIZATIONNAME = Owee;
				TargetAttributes = {
					68674B4B1E2E775D009F597B = {
						CreatedOnToolsVersion = 8.2.1;
						ProvisioningStyle = Automatic;
					};
					DE8CFC2E1E2E66D5006E9E1A = {
						CreatedOnToolsVersion = 8.2.1;
						ProvisioningStyle = Automatic;
					};
				};
			};
			buildConfigurationList = DE8CFC2A1E2E66D5006E9E1A /* Build configuration list for PBXProject "npuzzle" */;
			compatibilityVersion = "Xcode 3.2";
			developmentRegion = English;
			hasScannedForEncodings = 0;
			knownRegions = (
				en,
			);
			mainGroup = DE8CFC261E2E66D5006E9E1A;
			productRefGroup = DE8CFC301E2E66D5006E9E1A /* Products */;
			projectDirPath = "";
			projectRoot = "";
			targets = (
				DE8CFC2E1E2E66D5006E9E1A /* npuzzle */,
				68674B4B1E2E775D009F597B /* testError */,
			);
		};
/* End PBXProject section */

/* Begin PBXResourcesBuildPhase section */
		68674B4A1E2E775D009F597B /* Resources */ = {
			isa = PBXResourcesBuildPhase;
			buildActionMask = 2147483647;
			files = (
			);
			runOnlyForDeploymentPostprocessing = 0;
		};
/* End PBXResourcesBuildPhase section */

/* Begin PBXSourcesBuildPhase section */
		68674B481E2E775D009F597B /* Sources */ = {
			isa = PBXSourcesBuildPhase;
			buildActionMask = 2147483647;
			files = (
				68674B541E2E7777009F597B /* Error.swift in Sources */,
				68674B4F1E2E775E009F597B /* testError.swift in Sources */,
				C6455A851E2F921300CEC2FB /* Parser.swift in Sources */,
				C6455A7F1E2F71C700CEC2FB /* main.swift in Sources */,
				C6455A7E1E2F718900CEC2FB /* testManager.swift in Sources */,
				C6455A801E2F71E700CEC2FB /* Manager.swift in Sources */,
			);
			runOnlyForDeploymentPostprocessing = 0;
		};
		DE8CFC2B1E2E66D5006E9E1A /* Sources */ = {
			isa = PBXSourcesBuildPhase;
			buildActionMask = 2147483647;
			files = (
				C6455A821E2F751A00CEC2FB /* Parser.swift in Sources */,
				DE8CFC3C1E2E69D9006E9E1A /* Error.swift in Sources */,
				DE8CFC331E2E66D5006E9E1A /* main.swift in Sources */,
				DE8CFC3A1E2E67AC006E9E1A /* Manager.swift in Sources */,
			);
			runOnlyForDeploymentPostprocessing = 0;
		};
/* End PBXSourcesBuildPhase section */

/* Begin XCBuildConfiguration section */
		68674B521E2E775E009F597B /* Debug */ = {
			isa = XCBuildConfiguration;
			buildSettings = {
				COMBINE_HIDPI_IMAGES = YES;
				INFOPLIST_FILE = testError/Info.plist;
				LD_RUNPATH_SEARCH_PATHS = "$(inherited) @executable_path/../Frameworks @loader_path/../Frameworks";
				MACOSX_DEPLOYMENT_TARGET = 10.11;
				PRODUCT_BUNDLE_IDENTIFIER = "-2.testError";
				PRODUCT_NAME = "$(TARGET_NAME)";
				SWIFT_ACTIVE_COMPILATION_CONDITIONS = DEBUG;
				SWIFT_VERSION = 3.0;
			};
			name = Debug;
		};
		68674B531E2E775E009F597B /* Release */ = {
			isa = XCBuildConfiguration;
			buildSettings = {
				COMBINE_HIDPI_IMAGES = YES;
				INFOPLIST_FILE = testError/Info.plist;
				LD_RUNPATH_SEARCH_PATHS = "$(inherited) @executable_path/../Frameworks @loader_path/../Frameworks";
				MACOSX_DEPLOYMENT_TARGET = 10.11;
				PRODUCT_BUNDLE_IDENTIFIER = "-2.testError";
				PRODUCT_NAME = "$(TARGET_NAME)";
				SWIFT_OPTIMIZATION_LEVEL = "-Owholemodule";
				SWIFT_VERSION = 3.0;
			};
			name = Release;
		};
		DE8CFC341E2E66D5006E9E1A /* Debug */ = {
			isa = XCBuildConfiguration;
			buildSettings = {
				ALWAYS_SEARCH_USER_PATHS = NO;
				CLANG_ANALYZER_NONNULL = YES;
				CLANG_CXX_LANGUAGE_STANDARD = "gnu++0x";
				CLANG_CXX_LIBRARY = "libc++";
				CLANG_ENABLE_MODULES = YES;
				CLANG_ENABLE_OBJC_ARC = YES;
				CLANG_WARN_BOOL_CONVERSION = YES;
				CLANG_WARN_CONSTANT_CONVERSION = YES;
				CLANG_WARN_DIRECT_OBJC_ISA_USAGE = YES_ERROR;
				CLANG_WARN_DOCUMENTATION_COMMENTS = YES;
				CLANG_WARN_EMPTY_BODY = YES;
				CLANG_WARN_ENUM_CONVERSION = YES;
				CLANG_WARN_INFINITE_RECURSION = YES;
				CLANG_WARN_INT_CONVERSION = YES;
				CLANG_WARN_OBJC_ROOT_CLASS = YES_ERROR;
				CLANG_WARN_SUSPICIOUS_MOVE = YES;
				CLANG_WARN_UNREACHABLE_CODE = YES;
				CLANG_WARN__DUPLICATE_METHOD_MATCH = YES;
				CODE_SIGN_IDENTITY = "-";
				COPY_PHASE_STRIP = NO;
				DEBUG_INFORMATION_FORMAT = dwarf;
				ENABLE_STRICT_OBJC_MSGSEND = YES;
				ENABLE_TESTABILITY = YES;
				GCC_C_LANGUAGE_STANDARD = gnu99;
				GCC_DYNAMIC_NO_PIC = NO;
				GCC_NO_COMMON_BLOCKS = YES;
				GCC_OPTIMIZATION_LEVEL = 0;
				GCC_PREPROCESSOR_DEFINITIONS = (
					"DEBUG=1",
					"$(inherited)",
				);
				GCC_WARN_64_TO_32_BIT_CONVERSION = YES;
				GCC_WARN_ABOUT_RETURN_TYPE = YES_ERROR;
				GCC_WARN_UNDECLARED_SELECTOR = YES;
				GCC_WARN_UNINITIALIZED_AUTOS = YES_AGGRESSIVE;
				GCC_WARN_UNUSED_FUNCTION = YES;
				GCC_WARN_UNUSED_VARIABLE = YES;
				MACOSX_DEPLOYMENT_TARGET = 10.12;
				MTL_ENABLE_DEBUG_INFO = YES;
				ONLY_ACTIVE_ARCH = YES;
				SDKROOT = macosx;
				SWIFT_OPTIMIZATION_LEVEL = "-Onone";
			};
			name = Debug;
		};
		DE8CFC351E2E66D5006E9E1A /* Release */ = {
			isa = XCBuildConfiguration;
			buildSettings = {
				ALWAYS_SEARCH_USER_PATHS = NO;
				CLANG_ANALYZER_NONNULL = YES;
				CLANG_CXX_LANGUAGE_STANDARD = "gnu++0x";
				CLANG_CXX_LIBRARY = "libc++";
				CLANG_ENABLE_MODULES = YES;
				CLANG_ENABLE_OBJC_ARC = YES;
				CLANG_WARN_BOOL_CONVERSION = YES;
				CLANG_WARN_CONSTANT_CONVERSION = YES;
				CLANG_WARN_DIRECT_OBJC_ISA_USAGE = YES_ERROR;
				CLANG_WARN_DOCUMENTATION_COMMENTS = YES;
				CLANG_WARN_EMPTY_BODY = YES;
				CLANG_WARN_ENUM_CONVERSION = YES;
				CLANG_WARN_INFINITE_RECURSION = YES;
				CLANG_WARN_INT_CONVERSION = YES;
				CLANG_WARN_OBJC_ROOT_CLASS = YES_ERROR;
				CLANG_WARN_SUSPICIOUS_MOVE = YES;
				CLANG_WARN_UNREACHABLE_CODE = YES;
				CLANG_WARN__DUPLICATE_METHOD_MATCH = YES;
				CODE_SIGN_IDENTITY = "-";
				COPY_PHASE_STRIP = NO;
				DEBUG_INFORMATION_FORMAT = "dwarf-with-dsym";
				ENABLE_NS_ASSERTIONS = NO;
				ENABLE_STRICT_OBJC_MSGSEND = YES;
				GCC_C_LANGUAGE_STANDARD = gnu99;
				GCC_NO_COMMON_BLOCKS = YES;
				GCC_WARN_64_TO_32_BIT_CONVERSION = YES;
				GCC_WARN_ABOUT_RETURN_TYPE = YES_ERROR;
				GCC_WARN_UNDECLARED_SELECTOR = YES;
				GCC_WARN_UNINITIALIZED_AUTOS = YES_AGGRESSIVE;
				GCC_WARN_UNUSED_FUNCTION = YES;
				GCC_WARN_UNUSED_VARIABLE = YES;
				MACOSX_DEPLOYMENT_TARGET = 10.12;
				MTL_ENABLE_DEBUG_INFO = NO;
				SDKROOT = macosx;
			};
			name = Release;
		};
		DE8CFC371E2E66D5006E9E1A /* Debug */ = {
			isa = XCBuildConfiguration;
			buildSettings = {
				MACOSX_DEPLOYMENT_TARGET = 10.11;
				PRODUCT_NAME = "$(TARGET_NAME)";
				SWIFT_VERSION = 3.0;
			};
			name = Debug;
		};
		DE8CFC381E2E66D5006E9E1A /* Release */ = {
			isa = XCBuildConfiguration;
			buildSettings = {
				MACOSX_DEPLOYMENT_TARGET = 10.11;
				PRODUCT_NAME = "$(TARGET_NAME)";
				SWIFT_VERSION = 3.0;
			};
			name = Release;
		};
/* End XCBuildConfiguration section */

/* Begin XCConfigurationList section */
		68674B511E2E775E009F597B /* Build configuration list for PBXNativeTarget "testError" */ = {
			isa = XCConfigurationList;
			buildConfigurations = (
				68674B521E2E775E009F597B /* Debug */,
				68674B531E2E775E009F597B /* Release */,
			);
			defaultConfigurationIsVisible = 0;
			defaultConfigurationName = Release;
		};
		DE8CFC2A1E2E66D5006E9E1A /* Build configuration list for PBXProject "npuzzle" */ = {
			isa = XCConfigurationList;
			buildConfigurations = (
				DE8CFC341E2E66D5006E9E1A /* Debug */,
				DE8CFC351E2E66D5006E9E1A /* Release */,
			);
			defaultConfigurationIsVisible = 0;
			defaultConfigurationName = Release;
		};
		DE8CFC361E2E66D5006E9E1A /* Build configuration list for PBXNativeTarget "npuzzle" */ = {
			isa = XCConfigurationList;
			buildConfigurations = (
				DE8CFC371E2E66D5006E9E1A /* Debug */,
				DE8CFC381E2E66D5006E9E1A /* Release */,
			);
			defaultConfigurationIsVisible = 0;
			defaultConfigurationName = Release;
		};
/* End XCConfigurationList section */
	};
	rootObject = DE8CFC271E2E66D5006E9E1A /* Project object */;
}
